
Microsoft Visual Studio Solution File, Format Version 12.00
# Visual Studio Version 16
VisualStudioVersion = 16.0.32413.511
MinimumVisualStudioVersion = 10.0.40219.1
Project("{FAE04EC0-301F-11D3-BF4B-00C04F79EFBC}") = "finalAPI", "finalAPI.csproj", "{294624C7-F915-460B-BF79-5D5D656873EE}"
EndProject
Global
	GlobalSection(SolutionConfigurationPlatforms) = preSolution
		Debug|Any CPU = Debug|Any CPU
		Release|Any CPU = Release|Any CPU
	EndGlobalSection
	GlobalSection(ProjectConfigurationPlatforms) = postSolution
		{294624C7-F915-460B-BF79-5D5D656873EE}.Debug|Any CPU.ActiveCfg = Debug|Any CPU
		{294624C7-F915-460B-BF79-5D5D656873EE}.Debug|Any CPU.Build.0 = Debug|Any CPU
		{294624C7-F915-460B-BF79-5D5D656873EE}.Release|Any CPU.ActiveCfg = Release|Any CPU
		{294624C7-F915-460B-BF79-5D5D656873EE}.Release|Any CPU.Build.0 = Release|Any CPU
	EndGlobalSection
	GlobalSection(SolutionProperties) = preSolution
		HideSolutionNode = FALSE
	EndGlobalSection
	GlobalSection(ExtensibilityGlobals) = postSolution
		SolutionGuid = {A998B5DB-180D-4A48-A86A-7C2ED4503C93}
	EndGlobalSection
EndGlobal
